
Microsoft Visual Studio Solution File, Format Version 12.00
# Visual Studio Version 16
VisualStudioVersion = 16.0.29709.97
MinimumVisualStudioVersion = 10.0.40219.1
Project("{FAE04EC0-301F-11D3-BF4B-00C04F79EFBC}") = "WebGitTeste", "WebGitTeste\WebGitTeste.csproj", "{D8B367D8-FBA4-482C-841E-841F7C0A9124}"
EndProject
Global
	GlobalSection(SolutionConfigurationPlatforms) = preSolution
		Debug|Any CPU = Debug|Any CPU
		Release|Any CPU = Release|Any CPU
	EndGlobalSection
	GlobalSection(ProjectConfigurationPlatforms) = postSolution
		{D8B367D8-FBA4-482C-841E-841F7C0A9124}.Debug|Any CPU.ActiveCfg = Debug|Any CPU
		{D8B367D8-FBA4-482C-841E-841F7C0A9124}.Debug|Any CPU.Build.0 = Debug|Any CPU
		{D8B367D8-FBA4-482C-841E-841F7C0A9124}.Release|Any CPU.ActiveCfg = Release|Any CPU
		{D8B367D8-FBA4-482C-841E-841F7C0A9124}.Release|Any CPU.Build.0 = Release|Any CPU
	EndGlobalSection
	GlobalSection(SolutionProperties) = preSolution
		HideSolutionNode = FALSE
	EndGlobalSection
	GlobalSection(ExtensibilityGlobals) = postSolution
		SolutionGuid = {4C252921-0730-4A35-8492-30C377EB1847}
	EndGlobalSection
EndGlobal
